<?xml version="1.0" encoding="utf-8"?>
<Project ToolsVersion="4.0" xmlns="http://schemas.microsoft.com/developer/msbuild/2003">
  <ItemGroup>
    <ClInclude Include="src\engine\ecs\component\Core.h" />
    <ClInclude Include="src\engine\ecs\component\ParticleEmitter.h" />
    <ClInclude Include="src\engine\ecs\component\Physics.h" />
    <ClInclude Include="src\engine\ecs\component\Rendering.h" />
    <ClInclude Include="src\engine\ecs\component\Scripting.h" />
    <ClInclude Include="src\engine\ecs\component\Transform.h" />
    <ClInclude Include="src\engine\ecs\system\DebugSystem.h" />
    <ClInclude Include="src\engine\ecs\system\GraphicsSystem.h" />
    <ClInclude Include="src\engine\ecs\system\LifetimeSystem.h" />
    <ClInclude Include="src\engine\ecs\system\ParticleSystem.h" />
    <ClInclude Include="src\engine\ecs\system\PhysicsSystem.h" />
    <ClInclude Include="src\engine\ecs\system\ScriptSystem.h" />
    <ClInclude Include="src\engine\ecs\Entity.h" />
    <ClInclude Include="src\engine\gfx\Frustum.h" />
    <ClInclude Include="src\engine\gfx\resource\MaterialManager.h" />
    <ClInclude Include="src\engine\gfx\Mesh.h" />
    <ClInclude Include="src\engine\gfx\Renderer.h" />
    <ClInclude Include="src\engine\gfx\TextureLoader.h" />
    <ClInclude Include="src\engine\Application.h" />
    <ClInclude Include="src\engine\Console.h" />
    <ClInclude Include="src\engine\CVar.h" />
    <ClInclude Include="src\engine\CVarInternal.h" />
    <ClInclude Include="src\engine\Engine.h" />
    <ClInclude Include="src\utility\Flags.h" />
    <ClInclude Include="src\engine\GAssert.h" />
    <ClInclude Include="src\engine\Input.h" />
    <ClInclude Include="src\engine\Parser.h" />
    <ClInclude Include="src\engine\PCH.h" />
    <ClInclude Include="src\engine\Physics.h" />
    <ClInclude Include="src\engine\Scene.h" />
    <ClInclude Include="src\engine\ecs\ScriptableEntity.h" />
    <ClInclude Include="src\engine\Shapes.h" />
    <ClInclude Include="src\engine\utilities.h" />
    <ClInclude Include="src\engine\gfx\Vertices.h" />
    <ClInclude Include="src\game\FlyingPlayerController.h" />
    <ClInclude Include="src\game\GameManager.h" />
    <ClInclude Include="src\game\gPCH.h" />
    <ClInclude Include="src\game\KinematicPlayerController.h" />
    <ClInclude Include="src\game\PhysicsPlayerController.h" />
    <ClInclude Include="src\game\PhysicsTest2.h" />
    <ClInclude Include="src\game\PlayerActions.h" />
    <ClInclude Include="src\game\TestObj.h" />
    <ClInclude Include="src\game\TestObj2.h" />
    <ClInclude Include="src\game\WorldGen.h" />
    <ClInclude Include="src\utility\AtomicQueue.h" />
    <ClInclude Include="src\utility\BitArray.h" />
    <ClInclude Include="src\utility\Compression.h" />
    <ClInclude Include="src\utility\HashedString.h" />
    <ClInclude Include="src\utility\ImGuiExt.h" />
    <ClInclude Include="src\utility\Palette.h" />
    <ClInclude Include="src\utility\Serialize.h" />
    <ClInclude Include="src\utility\Timer.h" />
    <ClInclude Include="src\voxel\block.h" />
    <ClInclude Include="src\voxel\BlockStorage.h" />
    <ClInclude Include="src\voxel\Chunk.h" />
    <ClInclude Include="src\voxel\ChunkHelpers.h" />
    <ClInclude Include="src\voxel\ChunkManager.h" />
    <ClInclude Include="src\voxel\ChunkMesh.h" />
    <ClInclude Include="src\voxel\ChunkRenderer.h" />
    <ClInclude Include="src\voxel\ChunkSerialize.h" />
    <ClInclude Include="src\voxel\EditorRefactor.h" />
    <ClInclude Include="src\voxel\HUDRefactor.h" />
    <ClInclude Include="src\voxel\light.h" />
    <ClInclude Include="src\voxel\prefab.h" />
    <ClInclude Include="src\voxel\VoxelManager.h" />
    <ClInclude Include="src\voxel\vPCH.h" />
    <ClInclude Include="third_party\ctpl\ctpl_stl.h" />
    <ClInclude Include="third_party\entt\src\config\config.h" />
    <ClInclude Include="third_party\entt\src\config\version.h" />
    <ClInclude Include="third_party\entt\src\core\algorithm.hpp" />
    <ClInclude Include="third_party\entt\src\core\attribute.h" />
    <ClInclude Include="third_party\entt\src\core\family.hpp" />
    <ClInclude Include="third_party\entt\src\core\fwd.hpp" />
    <ClInclude Include="third_party\entt\src\core\hashed_string.hpp" />
    <ClInclude Include="third_party\entt\src\core\ident.hpp" />
    <ClInclude Include="third_party\entt\src\core\monostate.hpp" />
    <ClInclude Include="third_party\entt\src\core\type_info.hpp" />
    <ClInclude Include="third_party\entt\src\core\type_traits.hpp" />
    <ClInclude Include="third_party\entt\src\core\utility.hpp" />
    <ClInclude Include="third_party\entt\src\entity\entity.hpp" />
    <ClInclude Include="third_party\entt\src\entity\fwd.hpp" />
    <ClInclude Include="third_party\entt\src\entity\group.hpp" />
    <ClInclude Include="third_party\entt\src\entity\handle.hpp" />
    <ClInclude Include="third_party\entt\src\entity\helper.hpp" />
    <ClInclude Include="third_party\entt\src\entity\observer.hpp" />
    <ClInclude Include="third_party\entt\src\entity\pool.hpp" />
    <ClInclude Include="third_party\entt\src\entity\registry.hpp" />
    <ClInclude Include="third_party\entt\src\entity\runtime_view.hpp" />
    <ClInclude Include="third_party\entt\src\entity\snapshot.hpp" />
    <ClInclude Include="third_party\entt\src\entity\sparse_set.hpp" />
    <ClInclude Include="third_party\entt\src\entity\storage.hpp" />
    <ClInclude Include="third_party\entt\src\entity\utility.hpp" />
    <ClInclude Include="third_party\entt\src\entity\view.hpp" />
    <ClInclude Include="third_party\entt\src\locator\locator.hpp" />
    <ClInclude Include="third_party\entt\src\meta\container.hpp" />
    <ClInclude Include="third_party\entt\src\meta\ctx.hpp" />
    <ClInclude Include="third_party\entt\src\meta\factory.hpp" />
    <ClInclude Include="third_party\entt\src\meta\internal.hpp" />
    <ClInclude Include="third_party\entt\src\meta\meta.hpp" />
    <ClInclude Include="third_party\entt\src\meta\pointer.hpp" />
    <ClInclude Include="third_party\entt\src\meta\policy.hpp" />
    <ClInclude Include="third_party\entt\src\meta\range.hpp" />
    <ClInclude Include="third_party\entt\src\meta\resolve.hpp" />
    <ClInclude Include="third_party\entt\src\meta\type_traits.hpp" />
    <ClInclude Include="third_party\entt\src\platform\android-ndk-r17.hpp" />
    <ClInclude Include="third_party\entt\src\process\process.hpp" />
    <ClInclude Include="third_party\entt\src\process\scheduler.hpp" />
    <ClInclude Include="third_party\entt\src\resource\cache.hpp" />
    <ClInclude Include="third_party\entt\src\resource\fwd.hpp" />
    <ClInclude Include="third_party\entt\src\resource\handle.hpp" />
    <ClInclude Include="third_party\entt\src\resource\loader.hpp" />
    <ClInclude Include="third_party\entt\src\signal\delegate.hpp" />
    <ClInclude Include="third_party\entt\src\signal\dispatcher.hpp" />
    <ClInclude Include="third_party\entt\src\signal\emitter.hpp" />
    <ClInclude Include="third_party\entt\src\signal\fwd.hpp" />
    <ClInclude Include="third_party\entt\src\signal\sigh.hpp" />
    <ClInclude Include="third_party\entt\src\entt.hpp" />
    <ClInclude Include="third_party\entt\src\fwd.hpp" />
    <ClInclude Include="third_party\imgui\imconfig.h" />
    <ClInclude Include="third_party\imgui\imgui.h" />
    <ClInclude Include="third_party\imgui\imgui_impl_glfw.h" />
    <ClInclude Include="third_party\imgui\imgui_impl_opengl3.h" />
    <ClInclude Include="third_party\imgui\imgui_internal.h" />
    <ClInclude Include="third_party\imgui\imstb_rectpack.h" />
    <ClInclude Include="third_party\imgui\imstb_textedit.h" />
    <ClInclude Include="third_party\imgui\imstb_truetype.h" />
    <ClInclude Include="src\utility\Defer.h" />
    <ClInclude Include="src\engine\Timestep.h" />
    <ClInclude Include="data\game\Shaders\indirect.h.glsl" />
    <ClInclude Include="data\game\Shaders\noise.h" />
    <ClInclude Include="data\game\Shaders\particle.h" />
    <ClInclude Include="data\game\Shaders\common.h" />
    <ClInclude Include="src\engine\core\Logging.h" />
    <ClInclude Include="src\engine\Directories.h" />
    <ClInclude Include="src\engine\core\Statistics.h" />
    <ClInclude Include="src\engine\core\StatMacros.h" />
    <ClInclude Include="src\engine\gfx\Camera.h" />
    <ClInclude Include="src\utility\MathExtensions.h" />
    <ClInclude Include="src\engine\gfx\RenderView.h" />
    <ClInclude Include="src\engine\gfx\RenderInfo.h" />
    <ClInclude Include="src\engine\gfx\api\BasicTypes.h" />
    <ClInclude Include="src\engine\gfx\api\DebugMarker.h" />
    <ClInclude Include="src\engine\gfx\api\DynamicBuffer.h" />
    <ClInclude Include="src\engine\gfx\api\Fence.h" />
    <ClInclude Include="src\engine\gfx\api\Framebuffer.h" />
    <ClInclude Include="src\engine\gfx\api\Indirect.h" />
    <ClInclude Include="src\engine\gfx\api\Shader.h" />
    <ClInclude Include="src\engine\gfx\api\Buffer.h" />
    <ClInclude Include="src\engine\gfx\api\Texture.h" />
    <ClInclude Include="src\engine\gfx\fx\FXAA.h" />
    <ClInclude Include="src\engine\gfx\fx\Bloom.h" />
    <ClInclude Include="src\engine\gfx\fx\CubemapReflections.h" />
    <ClInclude Include="src\engine\gfx\fx\Fog.h" />
    <ClInclude Include="src\engine\gfx\api\LinearBufferAllocator.h" />
    <ClInclude Include="src\engine\gfx\resource\MeshManager.h" />
    <ClInclude Include="src\engine\gfx\resource\ShaderManager.h" />
    <ClInclude Include="src\engine\gfx\resource\TextureManager.h" />
    <ClInclude Include="src\engine\gfx\Material.h" />
  </ItemGroup>
  <ItemGroup>
    <ClCompile Include="src\engine\ecs\system\DebugSystem.cpp" />
    <ClCompile Include="src\engine\ecs\system\GraphicsSystem.cpp" />
    <ClCompile Include="src\engine\ecs\system\LifetimeSystem.cpp" />
    <ClCompile Include="src\engine\ecs\system\ParticleSystem.cpp" />
    <ClCompile Include="src\engine\ecs\system\PhysicsSystem.cpp" />
    <ClCompile Include="src\engine\ecs\system\ScriptSystem.cpp" />
    <ClCompile Include="src\engine\ecs\Entity.cpp" />
    <ClCompile Include="src\engine\gfx\Frustum.cpp" />
    <ClCompile Include="src\engine\gfx\resource\MaterialManager.cpp" />
    <ClCompile Include="src\engine\gfx\Mesh.cpp" />
    <ClCompile Include="src\engine\gfx\Renderer.cpp" />
    <ClCompile Include="src\engine\gfx\TextureLoader.cpp" />
    <ClCompile Include="src\engine\Application.cpp" />
    <ClCompile Include="src\engine\Console.cpp" />
    <ClCompile Include="src\engine\CVar.cpp" />
    <ClCompile Include="src\engine\Engine.cpp" />
    <ClCompile Include="src\engine\GAssert.cpp" />
    <ClCompile Include="src\engine\Input.cpp" />
    <ClCompile Include="src\engine\Parser.cpp" />
    <ClCompile Include="src\engine\PCH.cpp" />
    <ClCompile Include="src\engine\Physics.cpp" />
    <ClCompile Include="src\engine\Scene.cpp" />
    <ClCompile Include="src\engine\gfx\stbiImpl.cpp" />
    <ClCompile Include="src\game\gPCH.cpp" />
    <ClCompile Include="src\game\main.cpp" />
    <ClCompile Include="src\game\PlayerActions.cpp" />
    <ClCompile Include="src\game\WorldGen.cpp" />
    <ClCompile Include="src\utility\ImGuiExt.cpp" />
    <ClCompile Include="src\voxel\block.cpp" />
    <ClCompile Include="src\voxel\Chunk.cpp" />
    <ClCompile Include="src\voxel\ChunkManager.cpp" />
    <ClCompile Include="src\voxel\ChunkMesh.cpp" />
    <ClCompile Include="src\voxel\ChunkRenderer.cpp" />
    <ClCompile Include="src\voxel\ChunkSerialize.cpp" />
    <ClCompile Include="src\voxel\EditorRefactor.cpp" />
    <ClCompile Include="src\voxel\HUDRefactor.cpp" />
    <ClCompile Include="src\voxel\prefab.cpp" />
    <ClCompile Include="src\voxel\VoxelManager.cpp" />
    <ClCompile Include="src\voxel\vPCH.cpp" />
    <ClCompile Include="third_party\glad\src\glad.c" />
    <ClCompile Include="third_party\imgui\imgui.cpp" />
    <ClCompile Include="third_party\imgui\imgui_demo.cpp" />
    <ClCompile Include="third_party\imgui\imgui_draw.cpp" />
    <ClCompile Include="third_party\imgui\imgui_impl_glfw.cpp" />
    <ClCompile Include="third_party\imgui\imgui_impl_opengl3.cpp" />
    <ClCompile Include="third_party\imgui\imgui_tables.cpp" />
    <ClCompile Include="third_party\imgui\imgui_widgets.cpp" />
    <ClCompile Include="src\utility\Timer.cpp" />
    <ClCompile Include="src\engine\core\Logging.cpp" />
    <ClCompile Include="src\engine\core\Statistics.cpp" />
    <ClCompile Include="src\utility\MathExtensions.cpp" />
    <ClCompile Include="src\engine\gfx\Camera.cpp" />
    <ClCompile Include="src\game\FlyingPlayerController.cpp" />
    <ClCompile Include="src\game\PhysicsPlayerController.cpp" />
    <ClCompile Include="src\game\KinematicPlayerController.cpp" />
    <ClCompile Include="src\engine\gfx\RenderView.cpp" />
    <ClCompile Include="src\engine\gfx\RenderInfo.cpp" />
    <ClCompile Include="src\engine\gfx\api\Fence.cpp" />
    <ClCompile Include="src\engine\gfx\api\Framebuffer.cpp" />
    <ClCompile Include="src\engine\gfx\api\Shader.cpp" />
    <ClCompile Include="src\engine\gfx\api\Buffer.cpp" />
    <ClCompile Include="src\engine\gfx\api\Texture.cpp" />
    <ClCompile Include="src\engine\gfx\api\DebugMarker.cpp" />
    <ClCompile Include="src\engine\gfx\fx\FXAA.cpp" />
    <ClCompile Include="src\engine\gfx\fx\Bloom.cpp" />
    <ClCompile Include="src\engine\gfx\fx\CubemapReflections.cpp" />
    <ClCompile Include="src\engine\gfx\fx\Fog.cpp" />
    <ClCompile Include="src\engine\gfx\api\LinearBufferAllocator.cpp" />
    <ClCompile Include="src\engine\gfx\resource\MeshManager.cpp" />
    <ClCompile Include="src\engine\gfx\resource\ShaderManager.cpp" />
    <ClCompile Include="src\engine\gfx\resource\TextureManager.cpp" />
    <ClCompile Include="src\engine\gfx\Material.cpp" />
  </ItemGroup>
  <ItemGroup>
    <None Include="src\utility\Palette.inl" />
    <None Include="src\voxel\BlockStorage.inl" />
    <None Include="src\voxel\ChunkHelpers.inl" />
    <None Include="data\game\Shaders\axis.fs.glsl" />
    <None Include="data\game\Shaders\axis.vs.glsl" />
    <None Include="data\game\Shaders\buffer_vis.fs.glsl" />
    <None Include="data\game\Shaders\buffer_vis.vs.glsl" />
    <None Include="data\game\Shaders\calc_exposure.cs.glsl" />
    <None Include="data\game\Shaders\chunk_optimized.fs.glsl" />
    <None Include="data\game\Shaders\chunk_optimized.vs.glsl" />
    <None Include="data\game\Shaders\chunk_render_cull.fs.glsl" />
    <None Include="data\game\Shaders\chunk_render_cull.vs.glsl" />
    <None Include="data\game\Shaders\compact_batch.cs.glsl" />
    <None Include="data\game\Shaders\flat_color.fs.glsl" />
    <None Include="data\game\Shaders\flat_color.vs.glsl" />
    <None Include="data\game\Shaders\flat_color_instanced.fs.glsl" />
    <None Include="data\game\Shaders\flat_color_instanced.vs.glsl" />
    <None Include="data\game\Shaders\flat_sun.fs.glsl" />
    <None Include="data\game\Shaders\flat_sun.vs.glsl" />
    <None Include="data\game\Shaders\fullscreen_tri.vs.glsl" />
    <None Include="data\game\Shaders\fxaa.fs.glsl" />
    <None Include="data\game\Shaders\generate_histogram.cs.glsl" />
    <None Include="data\game\Shaders\linearize_tex.cs.glsl" />
    <None Include="data\game\Shaders\particle.fs.glsl" />
    <None Include="data\game\Shaders\particle.vs.glsl" />
    <None Include="data\game\Shaders\reduce_sum.cs.glsl" />
    <None Include="data\game\Shaders\skybox.fs.glsl" />
    <None Include="data\game\Shaders\skybox.vs.glsl" />
    <None Include="data\game\Shaders\texture.fs.glsl" />
    <None Include="data\game\Shaders\texture.vs.glsl" />
    <None Include="data\game\Shaders\textured_array.fs.glsl" />
    <None Include="data\game\Shaders\textured_array.vs.glsl" />
    <None Include="data\game\Shaders\TexturedMesh.fs.glsl" />
    <None Include="data\game\Shaders\TexturedMesh.vs.glsl" />
    <None Include="data\game\Shaders\TexturedMeshBatched.vs.glsl" />
    <None Include="data\game\Shaders\tonemap.fs.glsl" />
    <None Include="data\game\Shaders\update_particle.cs.glsl" />
    <None Include="data\game\Shaders\update_particle_emitter.cs.glsl" />
    <None Include="data\game\Shaders\fog.fs.glsl" />
    <None Include="src\engine\gfx\api\DynamicBuffer.cpp" />
  </ItemGroup>
</Project>