<?xml version="1.0" encoding="utf-8"?>
<Project ToolsVersion="4.0" xmlns="http://schemas.microsoft.com/developer/msbuild/2003">
  <ItemGroup>
    <Filter Include="Resource Files">
      <UniqueIdentifier>{67DA6AB6-F800-4c08-8B7A-83BB121AAD01}</UniqueIdentifier>
      <Extensions>rc;ico;cur;bmp;dlg;rc2;rct;bin;rgs;gif;jpg;jpeg;jpe;resx;tiff;tif;png;wav;mfcribbon-ms</Extensions>
    </Filter>
    <Filter Include="3rd Party">
      <UniqueIdentifier>{25119e14-86af-45b4-a189-2e721b036917}</UniqueIdentifier>
    </Filter>
    <Filter Include="3rd Party\imgui">
      <UniqueIdentifier>{99270562-dc87-413e-881b-aa8e23fffbc1}</UniqueIdentifier>
    </Filter>
    <Filter Include="Voxel Engine">
      <UniqueIdentifier>{dc663184-9198-480c-b860-fe5e6cb9fc67}</UniqueIdentifier>
    </Filter>
    <Filter Include="3rd Party\FastNoiseSIMD">
      <UniqueIdentifier>{1973af87-01d3-4bc4-9d86-e5188afc5b26}</UniqueIdentifier>
    </Filter>
    <Filter Include="CoreEngine">
      <UniqueIdentifier>{6f5b3298-6999-4eeb-ad86-9dc0fe8c6a25}</UniqueIdentifier>
    </Filter>
    <Filter Include="Game">
      <UniqueIdentifier>{ee2ca854-b4a5-4dd4-ae8c-05bf220960d8}</UniqueIdentifier>
    </Filter>
    <Filter Include="CoreEngine\Graphics">
      <UniqueIdentifier>{d90572c4-fc10-4aaf-ab92-440764be1dd7}</UniqueIdentifier>
    </Filter>
    <Filter Include="CoreEngine\Systems">
      <UniqueIdentifier>{a424d2fa-a058-426a-b560-cefda8ce9e5a}</UniqueIdentifier>
    </Filter>
    <Filter Include="CoreEngine\ECS">
      <UniqueIdentifier>{f1303919-b3eb-4052-9128-6a7141965576}</UniqueIdentifier>
    </Filter>
  </ItemGroup>
  <ItemGroup>
    <ClInclude Include="3rdParty\imgui\imconfig.h">
      <Filter>3rd Party\imgui</Filter>
    </ClInclude>
    <ClInclude Include="3rdParty\imgui\imgui.h">
      <Filter>3rd Party\imgui</Filter>
    </ClInclude>
    <ClInclude Include="3rdParty\imgui\imgui_impl_glfw.h">
      <Filter>3rd Party\imgui</Filter>
    </ClInclude>
    <ClInclude Include="3rdParty\imgui\imgui_impl_opengl3.h">
      <Filter>3rd Party\imgui</Filter>
    </ClInclude>
    <ClInclude Include="3rdParty\imgui\imgui_internal.h">
      <Filter>3rd Party\imgui</Filter>
    </ClInclude>
    <ClInclude Include="3rdParty\imgui\imstb_rectpack.h">
      <Filter>3rd Party\imgui</Filter>
    </ClInclude>
    <ClInclude Include="3rdParty\imgui\imstb_textedit.h">
      <Filter>3rd Party\imgui</Filter>
    </ClInclude>
    <ClInclude Include="3rdParty\imgui\imstb_truetype.h">
      <Filter>3rd Party\imgui</Filter>
    </ClInclude>
    <ClInclude Include="Voxels\prefab.h">
      <Filter>Voxel Engine</Filter>
    </ClInclude>
    <ClInclude Include="Voxels\light.h">
      <Filter>Voxel Engine</Filter>
    </ClInclude>
    <ClInclude Include="Voxels\block.h">
      <Filter>Voxel Engine</Filter>
    </ClInclude>
    <ClInclude Include="Voxels\biome.h">
      <Filter>Voxel Engine</Filter>
    </ClInclude>
    <ClInclude Include="3rdParty\FastNoiseSIMD\FastNoiseSIMD.h">
      <Filter>3rd Party\FastNoiseSIMD</Filter>
    </ClInclude>
    <ClInclude Include="3rdParty\FastNoiseSIMD\FastNoiseSIMD_internal.h">
      <Filter>3rd Party\FastNoiseSIMD</Filter>
    </ClInclude>
    <ClInclude Include="CoreEngine\Input.h">
      <Filter>CoreEngine</Filter>
    </ClInclude>
    <ClInclude Include="CoreEngine\GAssert.h">
      <Filter>CoreEngine</Filter>
    </ClInclude>
    <ClInclude Include="CoreEngine\MathIncludes.h">
      <Filter>CoreEngine</Filter>
    </ClInclude>
    <ClInclude Include="CoreEngine\Application.h">
      <Filter>CoreEngine</Filter>
    </ClInclude>
    <ClInclude Include="CoreEngine\GraphicsSystem.h">
      <Filter>CoreEngine\Systems</Filter>
    </ClInclude>
    <ClInclude Include="CoreEngine\PhysicsSystem.h">
      <Filter>CoreEngine\Systems</Filter>
    </ClInclude>
    <ClInclude Include="CoreEngine\DebugSystem.h">
      <Filter>CoreEngine\Systems</Filter>
    </ClInclude>
    <ClInclude Include="CoreEngine\WindowUtils.h">
      <Filter>CoreEngine\Graphics</Filter>
    </ClInclude>
    <ClInclude Include="CoreEngine\WindowCB.h">
      <Filter>CoreEngine\Graphics</Filter>
    </ClInclude>
    <ClInclude Include="CoreEngine\Window.h">
      <Filter>CoreEngine\Graphics</Filter>
    </ClInclude>
    <ClInclude Include="CoreEngine\Texture2D.h">
      <Filter>CoreEngine\Graphics</Filter>
    </ClInclude>
    <ClInclude Include="CoreEngine\Renderer.h">
      <Filter>CoreEngine\Graphics</Filter>
    </ClInclude>
    <ClInclude Include="CoreEngine\MeshUtils.h">
      <Filter>CoreEngine\Graphics</Filter>
    </ClInclude>
    <ClInclude Include="CoreEngine\Mesh.h">
      <Filter>CoreEngine\Graphics</Filter>
    </ClInclude>
    <ClInclude Include="CoreEngine\Material.h">
      <Filter>CoreEngine\Graphics</Filter>
    </ClInclude>
    <ClInclude Include="CoreEngine\Camera.h">
      <Filter>CoreEngine\Graphics</Filter>
    </ClInclude>
    <ClInclude Include="CoreEngine\AssimpUtils.h">
      <Filter>CoreEngine\Graphics</Filter>
    </ClInclude>
    <ClInclude Include="CoreEngine\Entity.h">
      <Filter>CoreEngine\ECS</Filter>
    </ClInclude>
    <ClInclude Include="CoreEngine\ScriptableEntity.h">
      <Filter>CoreEngine\ECS</Filter>
    </ClInclude>
    <ClInclude Include="CoreEngine\Scene.h">
      <Filter>CoreEngine\ECS</Filter>
    </ClInclude>
    <ClInclude Include="CoreEngine\Components.h">
      <Filter>CoreEngine\ECS</Filter>
    </ClInclude>
    <ClInclude Include="CoreEngine\Engine.h">
      <Filter>CoreEngine</Filter>
    </ClInclude>
    <ClInclude Include="Voxels\BlockStorage.h">
      <Filter>Voxel Engine</Filter>
    </ClInclude>
    <ClInclude Include="Voxels\Chunk.h">
      <Filter>Voxel Engine</Filter>
    </ClInclude>
    <ClInclude Include="Voxels\chunk_manager.h">
      <Filter>Voxel Engine</Filter>
    </ClInclude>
    <ClInclude Include="Voxels\ChunkHelpers.h">
      <Filter>Voxel Engine</Filter>
    </ClInclude>
    <ClInclude Include="Voxels\ChunkMesh.h">
      <Filter>Voxel Engine</Filter>
    </ClInclude>
    <ClInclude Include="Voxels\ChunkRenderer.h">
      <Filter>Voxel Engine</Filter>
    </ClInclude>
    <ClInclude Include="Voxels\ChunkSerialize.h">
      <Filter>Voxel Engine</Filter>
    </ClInclude>
    <ClInclude Include="Voxels\EditorRefactor.h">
      <Filter>Voxel Engine</Filter>
    </ClInclude>
    <ClInclude Include="Voxels\HUDRefactor.h">
      <Filter>Voxel Engine</Filter>
    </ClInclude>
    <ClInclude Include="Voxels\parallel_chunks.h">
      <Filter>Voxel Engine</Filter>
    </ClInclude>
    <ClInclude Include="Voxels\VoxelManager.h">
      <Filter>Voxel Engine</Filter>
    </ClInclude>
    <ClInclude Include="Voxels\World.h">
      <Filter>Voxel Engine</Filter>
    </ClInclude>
    <ClInclude Include="Game\WorldGen.h">
      <Filter>Game</Filter>
    </ClInclude>
    <ClInclude Include="CoreEngine\collision_check.h">
      <Filter>CoreEngine</Filter>
    </ClInclude>
    <ClInclude Include="CoreEngine\collision_shapes.h">
      <Filter>CoreEngine</Filter>
    </ClInclude>
    <ClInclude Include="CoreEngine\Context.h">
      <Filter>CoreEngine</Filter>
    </ClInclude>
    <ClInclude Include="CoreEngine\Debug.h">
      <Filter>CoreEngine</Filter>
    </ClInclude>
    <ClInclude Include="CoreEngine\GlobalRendererInfo.h">
      <Filter>CoreEngine</Filter>
    </ClInclude>
    <ClInclude Include="CoreEngine\GraphicsIncludes.h">
      <Filter>CoreEngine</Filter>
    </ClInclude>
    <ClInclude Include="CoreEngine\math_utils.h">
      <Filter>CoreEngine</Filter>
    </ClInclude>
    <ClInclude Include="CoreEngine\misc_utils.h">
      <Filter>CoreEngine</Filter>
    </ClInclude>
    <ClInclude Include="CoreEngine\utilities.h">
      <Filter>CoreEngine</Filter>
    </ClInclude>
    <ClInclude Include="CoreEngine\DynamicBuffer.h">
      <Filter>CoreEngine\Graphics</Filter>
    </ClInclude>
    <ClInclude Include="CoreEngine\Frustum.h">
      <Filter>CoreEngine\Graphics</Filter>
    </ClInclude>
    <ClInclude Include="CoreEngine\Shapes.h">
      <Filter>CoreEngine\Graphics</Filter>
    </ClInclude>
    <ClInclude Include="CoreEngine\StaticBuffer.h">
      <Filter>CoreEngine\Graphics</Filter>
    </ClInclude>
    <ClInclude Include="CoreEngine\TextureArray.h">
      <Filter>CoreEngine\Graphics</Filter>
    </ClInclude>
    <ClInclude Include="CoreEngine\UBO.h">
      <Filter>CoreEngine\Graphics</Filter>
    </ClInclude>
    <ClInclude Include="CoreEngine\Vertices.h">
      <Filter>CoreEngine\Graphics</Filter>
    </ClInclude>
    <ClInclude Include="CoreEngine\Shader.h">
      <Filter>CoreEngine\Graphics</Filter>
    </ClInclude>
    <ClInclude Include="CoreEngine\vbo_layout.h">
      <Filter>CoreEngine\Graphics</Filter>
    </ClInclude>
    <ClInclude Include="CoreEngine\VAO.h">
      <Filter>CoreEngine\Graphics</Filter>
    </ClInclude>
    <ClInclude Include="CoreEngine\ScriptSystem.h">
      <Filter>CoreEngine\Systems</Filter>
    </ClInclude>
    <ClInclude Include="Game\PlayerController.h">
      <Filter>Game</Filter>
    </ClInclude>
    <ClInclude Include="Game\TestObj.h">
      <Filter>Game</Filter>
    </ClInclude>
  </ItemGroup>
  <ItemGroup>
    <ClCompile Include="3rdParty\imgui\imgui.cpp">
      <Filter>3rd Party\imgui</Filter>
    </ClCompile>
    <ClCompile Include="3rdParty\imgui\imgui_draw.cpp">
      <Filter>3rd Party\imgui</Filter>
    </ClCompile>
    <ClCompile Include="3rdParty\imgui\imgui_impl_glfw.cpp">
      <Filter>3rd Party\imgui</Filter>
    </ClCompile>
    <ClCompile Include="3rdParty\imgui\imgui_impl_opengl3.cpp">
      <Filter>3rd Party\imgui</Filter>
    </ClCompile>
    <ClCompile Include="3rdParty\imgui\imgui_widgets.cpp">
      <Filter>3rd Party\imgui</Filter>
    </ClCompile>
    <ClCompile Include="Voxels\prefab.cpp">
      <Filter>Voxel Engine</Filter>
    </ClCompile>
    <ClCompile Include="Voxels\block.cpp">
      <Filter>Voxel Engine</Filter>
    </ClCompile>
    <ClCompile Include="Voxels\biome.cpp">
      <Filter>Voxel Engine</Filter>
    </ClCompile>
    <ClCompile Include="3rdParty\FastNoiseSIMD\FastNoiseSIMD.cpp">
      <Filter>3rd Party\FastNoiseSIMD</Filter>
    </ClCompile>
    <ClCompile Include="3rdParty\FastNoiseSIMD\FastNoiseSIMD_avx2.cpp">
      <Filter>3rd Party\FastNoiseSIMD</Filter>
    </ClCompile>
    <ClCompile Include="3rdParty\FastNoiseSIMD\FastNoiseSIMD_avx512.cpp">
      <Filter>3rd Party\FastNoiseSIMD</Filter>
    </ClCompile>
    <ClCompile Include="3rdParty\FastNoiseSIMD\FastNoiseSIMD_internal.cpp">
      <Filter>3rd Party\FastNoiseSIMD</Filter>
    </ClCompile>
    <ClCompile Include="3rdParty\FastNoiseSIMD\FastNoiseSIMD_sse2.cpp">
      <Filter>3rd Party\FastNoiseSIMD</Filter>
    </ClCompile>
    <ClCompile Include="3rdParty\FastNoiseSIMD\FastNoiseSIMD_sse41.cpp">
      <Filter>3rd Party\FastNoiseSIMD</Filter>
    </ClCompile>
    <ClCompile Include="3rdParty\FastNoiseSIMD\FastNoiseSIMD_neon.cpp">
      <Filter>3rd Party\FastNoiseSIMD</Filter>
    </ClCompile>
    <ClCompile Include="CoreEngine\Input.cpp">
      <Filter>CoreEngine</Filter>
    </ClCompile>
    <ClCompile Include="CoreEngine\GAssert.cpp">
      <Filter>CoreEngine</Filter>
    </ClCompile>
    <ClCompile Include="CoreEngine\Application.cpp">
      <Filter>CoreEngine</Filter>
    </ClCompile>
    <ClCompile Include="CoreEngine\GraphicsSystem.cpp">
      <Filter>CoreEngine\Systems</Filter>
    </ClCompile>
    <ClCompile Include="CoreEngine\PhysicsSystem.cpp">
      <Filter>CoreEngine\Systems</Filter>
    </ClCompile>
    <ClCompile Include="CoreEngine\DebugSystem.cpp">
      <Filter>CoreEngine\Systems</Filter>
    </ClCompile>
    <ClCompile Include="CoreEngine\WindowCB.cpp">
      <Filter>CoreEngine\Graphics</Filter>
    </ClCompile>
    <ClCompile Include="CoreEngine\Window.cpp">
      <Filter>CoreEngine\Graphics</Filter>
    </ClCompile>
    <ClCompile Include="CoreEngine\Texture2D.cpp">
      <Filter>CoreEngine\Graphics</Filter>
    </ClCompile>
    <ClCompile Include="CoreEngine\Renderer.cpp">
      <Filter>CoreEngine\Graphics</Filter>
    </ClCompile>
    <ClCompile Include="CoreEngine\Mesh.cpp">
      <Filter>CoreEngine\Graphics</Filter>
    </ClCompile>
    <ClCompile Include="CoreEngine\Material.cpp">
      <Filter>CoreEngine\Graphics</Filter>
    </ClCompile>
    <ClCompile Include="CoreEngine\Camera.cpp">
      <Filter>CoreEngine\Graphics</Filter>
    </ClCompile>
    <ClCompile Include="CoreEngine\Entity.cpp">
      <Filter>CoreEngine\ECS</Filter>
    </ClCompile>
    <ClCompile Include="CoreEngine\Scene.cpp">
      <Filter>CoreEngine\ECS</Filter>
    </ClCompile>
    <ClCompile Include="CoreEngine\Engine.cpp">
      <Filter>CoreEngine</Filter>
    </ClCompile>
    <ClCompile Include="Voxels\Chunk.cpp">
      <Filter>Voxel Engine</Filter>
    </ClCompile>
    <ClCompile Include="Voxels\chunk_manager.cpp">
      <Filter>Voxel Engine</Filter>
    </ClCompile>
    <ClCompile Include="Voxels\ChunkMesh.cpp">
      <Filter>Voxel Engine</Filter>
    </ClCompile>
    <ClCompile Include="Voxels\ChunkRenderer.cpp">
      <Filter>Voxel Engine</Filter>
    </ClCompile>
    <ClCompile Include="Voxels\ChunkSerialize.cpp">
      <Filter>Voxel Engine</Filter>
    </ClCompile>
    <ClCompile Include="Voxels\EditorRefactor.cpp">
      <Filter>Voxel Engine</Filter>
    </ClCompile>
    <ClCompile Include="Voxels\HUDRefactor.cpp">
      <Filter>Voxel Engine</Filter>
    </ClCompile>
    <ClCompile Include="Voxels\parallel_chunks.cpp">
      <Filter>Voxel Engine</Filter>
    </ClCompile>
    <ClCompile Include="Voxels\VoxelManager.cpp">
      <Filter>Voxel Engine</Filter>
    </ClCompile>
    <ClCompile Include="Voxels\World.cpp">
      <Filter>Voxel Engine</Filter>
    </ClCompile>
    <ClCompile Include="Game\main.cpp">
      <Filter>Game</Filter>
    </ClCompile>
    <ClCompile Include="Game\WorldGen.cpp">
      <Filter>Game</Filter>
    </ClCompile>
    <ClCompile Include="CoreEngine\collision_check.cpp">
      <Filter>CoreEngine</Filter>
    </ClCompile>
    <ClCompile Include="CoreEngine\Context.cpp">
      <Filter>CoreEngine</Filter>
    </ClCompile>
    <ClCompile Include="CoreEngine\GlobalRendererInfo.cpp">
      <Filter>CoreEngine</Filter>
    </ClCompile>
    <ClCompile Include="CoreEngine\math_utils.cpp">
      <Filter>CoreEngine</Filter>
    </ClCompile>
    <ClCompile Include="CoreEngine\misc_utils.cpp">
      <Filter>CoreEngine</Filter>
    </ClCompile>
    <ClCompile Include="CoreEngine\Frustum.cpp">
      <Filter>CoreEngine\Graphics</Filter>
    </ClCompile>
    <ClCompile Include="CoreEngine\StaticBuffer.cpp">
      <Filter>CoreEngine\Graphics</Filter>
    </ClCompile>
    <ClCompile Include="CoreEngine\stbiImpl.cpp">
      <Filter>CoreEngine\Graphics</Filter>
    </ClCompile>
    <ClCompile Include="CoreEngine\TextureArray.cpp">
      <Filter>CoreEngine\Graphics</Filter>
    </ClCompile>
    <ClCompile Include="CoreEngine\UBO.cpp">
      <Filter>CoreEngine\Graphics</Filter>
    </ClCompile>
    <ClCompile Include="CoreEngine\Shader.cpp">
      <Filter>CoreEngine\Graphics</Filter>
    </ClCompile>
    <ClCompile Include="CoreEngine\VAO.cpp">
      <Filter>CoreEngine\Graphics</Filter>
    </ClCompile>
    <ClCompile Include="CoreEngine\ScriptSystem.cpp">
      <Filter>CoreEngine\Systems</Filter>
    </ClCompile>
  </ItemGroup>
  <ItemGroup>
    <None Include="Voxels\BlockStorage.inl">
      <Filter>Voxel Engine</Filter>
    </None>
    <None Include="Voxels\ChunkHelpers.inl">
      <Filter>Voxel Engine</Filter>
    </None>
    <None Include="CoreEngine\DynamicBuffer.inl">
      <Filter>CoreEngine\Graphics</Filter>
    </None>
    <None Include="Voxels\imgui.ini">
      <Filter>Resource Files</Filter>
    </None>
  </ItemGroup>
</Project>