<?xml version="1.0" encoding="utf-8"?>
<Project ToolsVersion="4.0" xmlns="http://schemas.microsoft.com/developer/msbuild/2003">
  <ItemGroup>
    <Filter Include="Debug">
      <UniqueIdentifier>{c7c4b422-ac46-48ed-a9ba-1595ccaeece3}</UniqueIdentifier>
    </Filter>
    <Filter Include="Graphics">
      <UniqueIdentifier>{e3cc9721-b2b3-4f9f-bb9e-5885dc7931e9}</UniqueIdentifier>
    </Filter>
    <Filter Include="Serialization">
      <UniqueIdentifier>{b27ac33c-c992-4e4a-8965-98bbf0408ace}</UniqueIdentifier>
    </Filter>
    <Filter Include="System">
      <UniqueIdentifier>{8137757d-606b-4537-8a34-13d31d176996}</UniqueIdentifier>
    </Filter>
    <Filter Include="Experimental">
      <UniqueIdentifier>{4ec02b92-e561-4375-9a75-40b1e869a76d}</UniqueIdentifier>
    </Filter>
    <Filter Include="Utilities">
      <UniqueIdentifier>{41a105f9-0ab4-45fc-abbb-9c60c2cb2ecd}</UniqueIdentifier>
    </Filter>
    <Filter Include="Game">
      <UniqueIdentifier>{5a514f78-58df-41a9-915c-40c526acd901}</UniqueIdentifier>
    </Filter>
    <Filter Include="Game\ECS">
      <UniqueIdentifier>{a23f756c-5421-4cfd-98ea-2892879faab1}</UniqueIdentifier>
    </Filter>
    <Filter Include="Game\ECS\Components">
      <UniqueIdentifier>{ab4660b1-84b7-48a4-9281-daa0ba32ff13}</UniqueIdentifier>
    </Filter>
    <Filter Include="Game\Editor">
      <UniqueIdentifier>{477324d8-310d-447b-9295-86ceaf309d57}</UniqueIdentifier>
    </Filter>
    <Filter Include="Game\Collision">
      <UniqueIdentifier>{835847b9-3fbb-4edf-a2ae-7dd8a4cbe504}</UniqueIdentifier>
    </Filter>
    <Filter Include="Voxel Engine">
      <UniqueIdentifier>{e7fc491d-c7a6-4f8b-8aa9-1011aa517004}</UniqueIdentifier>
    </Filter>
    <Filter Include="Voxel Engine\Chunk Manager">
      <UniqueIdentifier>{4c95e2df-6326-49ca-8141-86b2324d71b6}</UniqueIdentifier>
    </Filter>
    <Filter Include="Engine">
      <UniqueIdentifier>{743f078a-5283-40f5-9bfb-0ead862dbdc1}</UniqueIdentifier>
    </Filter>
    <Filter Include="Voxel Engine\Chunks">
      <UniqueIdentifier>{39f2c382-fdfb-4702-a311-794e55352318}</UniqueIdentifier>
    </Filter>
    <Filter Include="Voxel Engine\World Generation">
      <UniqueIdentifier>{ea3919bb-71c7-46d8-a42d-44c4af54f0e9}</UniqueIdentifier>
    </Filter>
    <Filter Include="Vendor">
      <UniqueIdentifier>{5b5fd3c1-a9c6-4140-bc15-c56621cc8ca7}</UniqueIdentifier>
    </Filter>
    <Filter Include="Vendor\FastNoiseSIMD">
      <UniqueIdentifier>{fee897e0-41fa-4e2c-bfe8-46919cd3ba6f}</UniqueIdentifier>
    </Filter>
    <Filter Include="Vendor\ctpl">
      <UniqueIdentifier>{6fea1e11-5e6d-40d0-801b-9f40b42110e8}</UniqueIdentifier>
    </Filter>
    <Filter Include="Vendor\ImGui">
      <UniqueIdentifier>{0b6cd56d-1dc0-49ab-9545-9f2d7d9b3ad9}</UniqueIdentifier>
    </Filter>
    <Filter Include="Vendor\LibNoise">
      <UniqueIdentifier>{cdb33ddb-49f9-4b27-88f2-de37f3f0e051}</UniqueIdentifier>
    </Filter>
    <Filter Include="Vendor\stb">
      <UniqueIdentifier>{02bc1b5e-5794-4aae-80a6-874e8335e306}</UniqueIdentifier>
    </Filter>
    <Filter Include="Vendor\Tracy">
      <UniqueIdentifier>{20aa7a8b-4dd0-475a-b3b5-1795e82d3358}</UniqueIdentifier>
    </Filter>
    <Filter Include="Networking">
      <UniqueIdentifier>{ff43b7c1-7371-4f3d-a637-baf4f624c64f}</UniqueIdentifier>
    </Filter>
    <Filter Include="Physics">
      <UniqueIdentifier>{a395f12f-3dec-48cc-a21e-834b3ec5c2ff}</UniqueIdentifier>
    </Filter>
  </ItemGroup>
  <ItemGroup>
    <ClInclude Include="settings.h">
      <Filter>Serialization</Filter>
    </ClInclude>
    <ClInclude Include="serialize.h">
      <Filter>Serialization</Filter>
    </ClInclude>
    <ClInclude Include="stdafx.h" />
    <ClInclude Include="utilities.h">
      <Filter>Utilities</Filter>
    </ClInclude>
    <ClInclude Include="misc_utils.h">
      <Filter>Utilities</Filter>
    </ClInclude>
    <ClInclude Include="math_utils.h">
      <Filter>Utilities</Filter>
    </ClInclude>
    <ClInclude Include="component.h">
      <Filter>Game\ECS</Filter>
    </ClInclude>
    <ClInclude Include="transform.h">
      <Filter>Game\ECS\Components</Filter>
    </ClInclude>
    <ClInclude Include="mesh_comp.h">
      <Filter>Game\ECS\Components</Filter>
    </ClInclude>
    <ClInclude Include="render_data.h">
      <Filter>Game\ECS\Components</Filter>
    </ClInclude>
    <ClInclude Include="pick.h">
      <Filter>Graphics</Filter>
    </ClInclude>
    <ClInclude Include="block.h">
      <Filter>Voxel Engine</Filter>
    </ClInclude>
    <ClInclude Include="frustum.h">
      <Filter>Graphics</Filter>
    </ClInclude>
    <ClInclude Include="sun.h">
      <Filter>Graphics</Filter>
    </ClInclude>
    <ClInclude Include="directional_light.h">
      <Filter>Graphics</Filter>
    </ClInclude>
    <ClInclude Include="prefab.h">
      <Filter>Voxel Engine</Filter>
    </ClInclude>
    <ClInclude Include="hud.h">
      <Filter>Game</Filter>
    </ClInclude>
    <ClInclude Include="player.h">
      <Filter>Game</Filter>
    </ClInclude>
    <ClInclude Include="collision_check.h">
      <Filter>Game\Collision</Filter>
    </ClInclude>
    <ClInclude Include="collision_shapes.h">
      <Filter>Game\Collision</Filter>
    </ClInclude>
    <ClInclude Include="physics_comp.h">
      <Filter>Game\ECS\Components</Filter>
    </ClInclude>
    <ClInclude Include="light.h">
      <Filter>Voxel Engine</Filter>
    </ClInclude>
    <ClInclude Include="chunk_manager.h">
      <Filter>Voxel Engine\Chunk Manager</Filter>
    </ClInclude>
    <ClInclude Include="chunk_manager_base.h">
      <Filter>Voxel Engine\Chunk Manager</Filter>
    </ClInclude>
    <ClInclude Include="infinite_chunk_manager.h">
      <Filter>Voxel Engine\Chunk Manager</Filter>
    </ClInclude>
    <ClInclude Include="parallel_chunks.h">
      <Filter>Voxel Engine\Chunk Manager</Filter>
    </ClInclude>
    <ClInclude Include="FixedQueue.h">
      <Filter>Utilities</Filter>
    </ClInclude>
    <ClInclude Include="ImGuiBonus.h">
      <Filter>Utilities</Filter>
    </ClInclude>
    <ClInclude Include="Engine\Source\debug.h">
      <Filter>Engine</Filter>
    </ClInclude>
    <ClInclude Include="Engine\Source\Engine.h">
      <Filter>Engine</Filter>
    </ClInclude>
    <ClInclude Include="Engine\Source\engine_assert.h">
      <Filter>Engine</Filter>
    </ClInclude>
    <ClInclude Include="Engine\Source\ibo.h">
      <Filter>Engine</Filter>
    </ClInclude>
    <ClInclude Include="Engine\Source\imgui_impl.h">
      <Filter>Engine</Filter>
    </ClInclude>
    <ClInclude Include="Engine\Source\input.h">
      <Filter>Engine</Filter>
    </ClInclude>
    <ClInclude Include="Engine\Source\math_utils.h">
      <Filter>Engine</Filter>
    </ClInclude>
    <ClInclude Include="Engine\Source\misc_utils.h">
      <Filter>Engine</Filter>
    </ClInclude>
    <ClInclude Include="Engine\Source\Pipeline.h">
      <Filter>Engine</Filter>
    </ClInclude>
    <ClInclude Include="Engine\Source\shader.h">
      <Filter>Engine</Filter>
    </ClInclude>
    <ClInclude Include="Engine\Source\sys_window.h">
      <Filter>Engine</Filter>
    </ClInclude>
    <ClInclude Include="Engine\Source\utilities.h">
      <Filter>Engine</Filter>
    </ClInclude>
    <ClInclude Include="Engine\Source\vao.h">
      <Filter>Engine</Filter>
    </ClInclude>
    <ClInclude Include="Engine\Source\vbo.h">
      <Filter>Engine</Filter>
    </ClInclude>
    <ClInclude Include="Engine\Source\vbo_layout.h">
      <Filter>Engine</Filter>
    </ClInclude>
    <ClInclude Include="Engine\Source\Vertices.h">
      <Filter>Engine</Filter>
    </ClInclude>
    <ClInclude Include="Interface.h">
      <Filter>Game</Filter>
    </ClInclude>
    <ClInclude Include="Renderer.h">
      <Filter>Graphics</Filter>
    </ClInclude>
    <ClInclude Include="World.h">
      <Filter>Game</Filter>
    </ClInclude>
    <ClInclude Include="Editor.h">
      <Filter>Game\Editor</Filter>
    </ClInclude>
    <ClInclude Include="Engine\Source\camera.h">
      <Filter>Engine</Filter>
    </ClInclude>
    <ClInclude Include="Engine\Source\Shapes.h">
      <Filter>Engine</Filter>
    </ClInclude>
    <ClInclude Include="Engine\Source\Frustum.h">
      <Filter>Engine</Filter>
    </ClInclude>
    <ClInclude Include="Engine\Source\load_image.h">
      <Filter>Engine</Filter>
    </ClInclude>
    <ClInclude Include="Engine\Source\mesh.h">
      <Filter>Engine</Filter>
    </ClInclude>
    <ClInclude Include="Engine\Source\texture.h">
      <Filter>Engine</Filter>
    </ClInclude>
    <ClInclude Include="NuRenderer.h">
      <Filter>Graphics</Filter>
    </ClInclude>
    <ClInclude Include="ChunkStorage.h">
      <Filter>Voxel Engine\Chunks</Filter>
    </ClInclude>
    <ClInclude Include="BlockStorage.h">
      <Filter>Voxel Engine\Chunks</Filter>
    </ClInclude>
    <ClInclude Include="BitArray.h">
      <Filter>Utilities</Filter>
    </ClInclude>
    <ClInclude Include="chunk.h">
      <Filter>Voxel Engine</Filter>
    </ClInclude>
    <ClInclude Include="ChunkHelpers.h">
      <Filter>Voxel Engine\Chunks</Filter>
    </ClInclude>
    <ClInclude Include="ChunkMesh.h">
      <Filter>Voxel Engine\Chunks</Filter>
    </ClInclude>
    <ClInclude Include="WorldGen2.h">
      <Filter>Voxel Engine\World Generation</Filter>
    </ClInclude>
    <ClInclude Include="Palette.h">
      <Filter>Utilities</Filter>
    </ClInclude>
    <ClInclude Include="Engine\Source\dib.h">
      <Filter>Engine</Filter>
    </ClInclude>
    <ClInclude Include="ChunkRenderer.h">
      <Filter>Graphics</Filter>
    </ClInclude>
    <ClInclude Include="BufferAllocator.h">
      <Filter>Graphics</Filter>
    </ClInclude>
    <ClInclude Include="Engine\Source\abo.h">
      <Filter>Engine</Filter>
    </ClInclude>
    <ClInclude Include="TextureArray.h">
      <Filter>Graphics</Filter>
    </ClInclude>
    <ClInclude Include="Engine\Source\param_bo.h">
      <Filter>Engine</Filter>
    </ClInclude>
    <ClInclude Include="..\vendor\imgui\imconfig.h">
      <Filter>Vendor\ImGui</Filter>
    </ClInclude>
    <ClInclude Include="..\vendor\imgui\imgui.h">
      <Filter>Vendor\ImGui</Filter>
    </ClInclude>
    <ClInclude Include="..\vendor\imgui\imgui_impl_glfw.h">
      <Filter>Vendor\ImGui</Filter>
    </ClInclude>
    <ClInclude Include="..\vendor\imgui\imgui_impl_opengl3.h">
      <Filter>Vendor\ImGui</Filter>
    </ClInclude>
    <ClInclude Include="..\vendor\imgui\imgui_internal.h">
      <Filter>Vendor\ImGui</Filter>
    </ClInclude>
    <ClInclude Include="..\vendor\imgui\imstb_rectpack.h">
      <Filter>Vendor\ImGui</Filter>
    </ClInclude>
    <ClInclude Include="..\vendor\imgui\imstb_textedit.h">
      <Filter>Vendor\ImGui</Filter>
    </ClInclude>
    <ClInclude Include="..\vendor\imgui\imstb_truetype.h">
      <Filter>Vendor\ImGui</Filter>
    </ClInclude>
    <ClInclude Include="..\vendor\ctpl_stl.h">
      <Filter>Vendor\ctpl</Filter>
    </ClInclude>
    <ClInclude Include="..\vendor\FastNoiseSIMD\FastNoiseSIMD.h">
      <Filter>Vendor\FastNoiseSIMD</Filter>
    </ClInclude>
    <ClInclude Include="..\vendor\FastNoiseSIMD\FastNoiseSIMD_internal.h">
      <Filter>Vendor\FastNoiseSIMD</Filter>
    </ClInclude>
    <ClInclude Include="..\vendor\noiseutils.h">
      <Filter>Vendor\LibNoise</Filter>
    </ClInclude>
    <ClInclude Include="..\vendor\imgui\stb_rect_pack.h">
      <Filter>Vendor\stb</Filter>
    </ClInclude>
    <ClInclude Include="..\vendor\imgui\stb_textedit.h">
      <Filter>Vendor\stb</Filter>
    </ClInclude>
    <ClInclude Include="..\vendor\imgui\stb_truetype.h">
      <Filter>Vendor\stb</Filter>
    </ClInclude>
    <ClInclude Include="NetPlayerState.h">
      <Filter>Physics</Filter>
    </ClInclude>
    <ClInclude Include="Client.h">
      <Filter>Networking</Filter>
    </ClInclude>
    <ClInclude Include="RenderOrder.h">
      <Filter>Graphics</Filter>
    </ClInclude>
    <ClInclude Include="..\Shared\Components.h">
      <Filter>Game\ECS</Filter>
    </ClInclude>
    <ClInclude Include="GameObject.h">
      <Filter>Game\ECS</Filter>
    </ClInclude>
  </ItemGroup>
  <ItemGroup>
    <ClCompile Include="settings.cpp">
      <Filter>Serialization</Filter>
    </ClCompile>
    <ClCompile Include="serialize.cpp">
      <Filter>Serialization</Filter>
    </ClCompile>
    <ClCompile Include="main.cpp">
      <Filter>System</Filter>
    </ClCompile>
    <ClCompile Include="transform.cpp">
      <Filter>Game\ECS\Components</Filter>
    </ClCompile>
    <ClCompile Include="mesh_comp.cpp">
      <Filter>Game\ECS\Components</Filter>
    </ClCompile>
    <ClCompile Include="render_data.cpp">
      <Filter>Game\ECS\Components</Filter>
    </ClCompile>
    <ClCompile Include="pick.cpp">
      <Filter>Graphics</Filter>
    </ClCompile>
    <ClCompile Include="block.cpp">
      <Filter>Voxel Engine</Filter>
    </ClCompile>
    <ClCompile Include="sun.cpp">
      <Filter>Graphics</Filter>
    </ClCompile>
    <ClCompile Include="march_cubes.cpp">
      <Filter>Voxel Engine</Filter>
    </ClCompile>
    <ClCompile Include="directional_light.cpp">
      <Filter>Graphics</Filter>
    </ClCompile>
    <ClCompile Include="prefab.cpp">
      <Filter>Voxel Engine</Filter>
    </ClCompile>
    <ClCompile Include="hud.cpp">
      <Filter>Game</Filter>
    </ClCompile>
    <ClCompile Include="player.cpp">
      <Filter>Game</Filter>
    </ClCompile>
    <ClCompile Include="collision_check.cpp">
      <Filter>Game\Collision</Filter>
    </ClCompile>
    <ClCompile Include="physics_comp.cpp">
      <Filter>Game\ECS\Components</Filter>
    </ClCompile>
    <ClCompile Include="light.cpp">
      <Filter>Voxel Engine</Filter>
    </ClCompile>
    <ClCompile Include="chunk_manager.cpp">
      <Filter>Voxel Engine\Chunk Manager</Filter>
    </ClCompile>
    <ClCompile Include="chunk_manager_base.cpp">
      <Filter>Voxel Engine\Chunk Manager</Filter>
    </ClCompile>
    <ClCompile Include="infinite_chunk_manager.cpp">
      <Filter>Voxel Engine\Chunk Manager</Filter>
    </ClCompile>
    <ClCompile Include="parallel_chunks.cpp">
      <Filter>Voxel Engine\Chunk Manager</Filter>
    </ClCompile>
    <ClCompile Include="ImGuiBonus.cpp">
      <Filter>Utilities</Filter>
    </ClCompile>
    <ClCompile Include="Engine\Source\debug.cpp">
      <Filter>Engine</Filter>
    </ClCompile>
    <ClCompile Include="Engine\Source\Engine.cpp">
      <Filter>Engine</Filter>
    </ClCompile>
    <ClCompile Include="Engine\Source\engine_assert.cpp">
      <Filter>Engine</Filter>
    </ClCompile>
    <ClCompile Include="Engine\Source\ibo.cpp">
      <Filter>Engine</Filter>
    </ClCompile>
    <ClCompile Include="Engine\Source\imgui_impl.cpp">
      <Filter>Engine</Filter>
    </ClCompile>
    <ClCompile Include="Engine\Source\input.cpp">
      <Filter>Engine</Filter>
    </ClCompile>
    <ClCompile Include="Engine\Source\math_utils.cpp">
      <Filter>Engine</Filter>
    </ClCompile>
    <ClCompile Include="Engine\Source\Pipeline.cpp">
      <Filter>Engine</Filter>
    </ClCompile>
    <ClCompile Include="Engine\Source\shader.cpp">
      <Filter>Engine</Filter>
    </ClCompile>
    <ClCompile Include="Engine\Source\sys_window.cpp">
      <Filter>Engine</Filter>
    </ClCompile>
    <ClCompile Include="Engine\Source\vao.cpp">
      <Filter>Engine</Filter>
    </ClCompile>
    <ClCompile Include="Engine\Source\vbo.cpp">
      <Filter>Engine</Filter>
    </ClCompile>
    <ClCompile Include="Interface.cpp">
      <Filter>Game</Filter>
    </ClCompile>
    <ClCompile Include="Renderer.cpp">
      <Filter>Graphics</Filter>
    </ClCompile>
    <ClCompile Include="World.cpp">
      <Filter>Game</Filter>
    </ClCompile>
    <ClCompile Include="Editor.cpp">
      <Filter>Game\Editor</Filter>
    </ClCompile>
    <ClCompile Include="Engine\Source\camera.cpp">
      <Filter>Engine</Filter>
    </ClCompile>
    <ClCompile Include="Engine\Source\Frustum.cpp">
      <Filter>Engine</Filter>
    </ClCompile>
    <ClCompile Include="Engine\Source\misc_utils.cpp">
      <Filter>Engine</Filter>
    </ClCompile>
    <ClCompile Include="Engine\Source\load_image.cpp">
      <Filter>Engine</Filter>
    </ClCompile>
    <ClCompile Include="Engine\Source\mesh.cpp">
      <Filter>Engine</Filter>
    </ClCompile>
    <ClCompile Include="Engine\Source\texture.cpp">
      <Filter>Engine</Filter>
    </ClCompile>
    <ClCompile Include="NuRenderer.cpp">
      <Filter>Graphics</Filter>
    </ClCompile>
    <ClCompile Include="chunk.cpp">
      <Filter>Voxel Engine</Filter>
    </ClCompile>
    <ClCompile Include="ChunkMesh.cpp">
      <Filter>Voxel Engine\Chunks</Filter>
    </ClCompile>
    <ClCompile Include="WorldGen2.cpp">
      <Filter>Voxel Engine\World Generation</Filter>
    </ClCompile>
    <ClCompile Include="Engine\Source\dib.cpp">
      <Filter>Engine</Filter>
    </ClCompile>
    <ClCompile Include="ChunkRenderer.cpp">
      <Filter>Graphics</Filter>
    </ClCompile>
    <ClCompile Include="Engine\Source\abo.cpp">
      <Filter>Engine</Filter>
    </ClCompile>
    <ClCompile Include="TextureArray.cpp">
      <Filter>Graphics</Filter>
    </ClCompile>
    <ClCompile Include="Engine\Source\param_bo.cpp">
      <Filter>Engine</Filter>
    </ClCompile>
    <ClCompile Include="..\vendor\imgui\imgui.cpp">
      <Filter>Vendor\ImGui</Filter>
    </ClCompile>
    <ClCompile Include="..\vendor\imgui\imgui_draw.cpp">
      <Filter>Vendor\ImGui</Filter>
    </ClCompile>
    <ClCompile Include="..\vendor\imgui\imgui_impl_glfw.cpp">
      <Filter>Vendor\ImGui</Filter>
    </ClCompile>
    <ClCompile Include="..\vendor\imgui\imgui_impl_opengl3.cpp">
      <Filter>Vendor\ImGui</Filter>
    </ClCompile>
    <ClCompile Include="..\vendor\imgui\imgui_widgets.cpp">
      <Filter>Vendor\ImGui</Filter>
    </ClCompile>
    <ClCompile Include="..\vendor\FastNoiseSIMD\FastNoiseSIMD.cpp">
      <Filter>Vendor\FastNoiseSIMD</Filter>
    </ClCompile>
    <ClCompile Include="..\vendor\FastNoiseSIMD\FastNoiseSIMD_avx2.cpp">
      <Filter>Vendor\FastNoiseSIMD</Filter>
    </ClCompile>
    <ClCompile Include="..\vendor\FastNoiseSIMD\FastNoiseSIMD_avx512.cpp">
      <Filter>Vendor\FastNoiseSIMD</Filter>
    </ClCompile>
    <ClCompile Include="..\vendor\FastNoiseSIMD\FastNoiseSIMD_internal.cpp">
      <Filter>Vendor\FastNoiseSIMD</Filter>
    </ClCompile>
    <ClCompile Include="..\vendor\FastNoiseSIMD\FastNoiseSIMD_neon.cpp">
      <Filter>Vendor\FastNoiseSIMD</Filter>
    </ClCompile>
    <ClCompile Include="..\vendor\FastNoiseSIMD\FastNoiseSIMD_sse2.cpp">
      <Filter>Vendor\FastNoiseSIMD</Filter>
    </ClCompile>
    <ClCompile Include="..\vendor\FastNoiseSIMD\FastNoiseSIMD_sse41.cpp">
      <Filter>Vendor\FastNoiseSIMD</Filter>
    </ClCompile>
    <ClCompile Include="..\vendor\noiseutils.cpp">
      <Filter>Vendor\LibNoise</Filter>
    </ClCompile>
    <ClCompile Include="..\lib\tracy\TracyClient.cpp">
      <Filter>Vendor\Tracy</Filter>
    </ClCompile>
    <ClCompile Include="NetPlayerState.cpp">
      <Filter>Physics</Filter>
    </ClCompile>
    <ClCompile Include="Client.cpp">
      <Filter>Networking</Filter>
    </ClCompile>
    <ClCompile Include="GameObject.cpp">
      <Filter>Game\ECS</Filter>
    </ClCompile>
  </ItemGroup>
  <ItemGroup>
    <None Include="BlockStorage.inl">
      <Filter>Voxel Engine\Chunks</Filter>
    </None>
    <None Include="ChunkHelpers.inl">
      <Filter>Voxel Engine\Chunks</Filter>
    </None>
    <None Include="Palette.inl">
      <Filter>Utilities</Filter>
    </None>
    <None Include="BufferAllocator.inl">
      <Filter>Graphics</Filter>
    </None>
  </ItemGroup>
</Project>