
Microsoft Visual Studio Solution File, Format Version 12.00
# Visual Studio Version 16
VisualStudioVersion = 16.0.30114.105
MinimumVisualStudioVersion = 10.0.40219.1
Project("{8BC9CEB8-8B4A-11D0-8D11-00A0C91BC942}") = "Client", "Source\Source.vcxproj", "{528424FC-2A18-4FF8-A70F-4B7247DB422D}"
EndProject
Project("{8BC9CEB8-8B4A-11D0-8D11-00A0C91BC942}") = "Server", "Server\Server.vcxproj", "{64AAADA9-5719-48F9-A539-116D3EC68B88}"
EndProject
Project("{2150E333-8FDC-42A3-9474-1A3956D46DE8}") = "Shared", "Shared", "{24CDBB11-EC31-4394-A603-3EEAE4A808C8}"
	ProjectSection(SolutionItems) = preProject
		Shared\NetDefines.h = Shared\NetDefines.h
		Shared\NetEvent.h = Shared\NetEvent.h
		Shared\Packet.h = Shared\Packet.h
		Shared\Timer.h = Shared\Timer.h
	EndProjectSection
EndProject
Global
	GlobalSection(SolutionConfigurationPlatforms) = preSolution
		Debug|x64 = Debug|x64
		Debug|x86 = Debug|x86
		Release|x64 = Release|x64
		Release|x86 = Release|x86
	EndGlobalSection
	GlobalSection(ProjectConfigurationPlatforms) = postSolution
		{528424FC-2A18-4FF8-A70F-4B7247DB422D}.Debug|x64.ActiveCfg = Debug|x64
		{528424FC-2A18-4FF8-A70F-4B7247DB422D}.Debug|x64.Build.0 = Debug|x64
		{528424FC-2A18-4FF8-A70F-4B7247DB422D}.Debug|x86.ActiveCfg = Debug|Win32
		{528424FC-2A18-4FF8-A70F-4B7247DB422D}.Debug|x86.Build.0 = Debug|Win32
		{528424FC-2A18-4FF8-A70F-4B7247DB422D}.Release|x64.ActiveCfg = Release|x64
		{528424FC-2A18-4FF8-A70F-4B7247DB422D}.Release|x64.Build.0 = Release|x64
		{528424FC-2A18-4FF8-A70F-4B7247DB422D}.Release|x86.ActiveCfg = Release|Win32
		{528424FC-2A18-4FF8-A70F-4B7247DB422D}.Release|x86.Build.0 = Release|Win32
		{64AAADA9-5719-48F9-A539-116D3EC68B88}.Debug|x64.ActiveCfg = Debug|x64
		{64AAADA9-5719-48F9-A539-116D3EC68B88}.Debug|x64.Build.0 = Debug|x64
		{64AAADA9-5719-48F9-A539-116D3EC68B88}.Debug|x86.ActiveCfg = Debug|Win32
		{64AAADA9-5719-48F9-A539-116D3EC68B88}.Debug|x86.Build.0 = Debug|Win32
		{64AAADA9-5719-48F9-A539-116D3EC68B88}.Release|x64.ActiveCfg = Release|x64
		{64AAADA9-5719-48F9-A539-116D3EC68B88}.Release|x64.Build.0 = Release|x64
		{64AAADA9-5719-48F9-A539-116D3EC68B88}.Release|x86.ActiveCfg = Release|Win32
		{64AAADA9-5719-48F9-A539-116D3EC68B88}.Release|x86.Build.0 = Release|Win32
	EndGlobalSection
	GlobalSection(SolutionProperties) = preSolution
		HideSolutionNode = FALSE
	EndGlobalSection
	GlobalSection(ExtensibilityGlobals) = postSolution
		SolutionGuid = {D1839FAF-6AFA-465E-9160-2171FD269062}
	EndGlobalSection
EndGlobal
